PODS:
  - battery_plugin (0.0.1):
    - Flutter
  - Flutter (1.0.0)

DEPENDENCIES:
  - battery_plugin (from `.symlinks/plugins/battery_plugin/ios`)
  - Flutter (from `Flutter`)

EXTERNAL SOURCES:
  battery_plugin:
    :path: ".symlinks/plugins/battery_plugin/ios"
  Flutter:
    :path: Flutter

SPEC CHECKSUMS:
  battery_plugin: a961dd53c5108397717cc713d5fbc3a68b5313bf
  Flutter: 434fef37c0980e73bb6479ef766c45957d4b510c

PODFILE CHECKSUM: aafe91acc616949ddb318b77800a7f51bffa2a4c

COCOAPODS: 1.10.1
